
Microsoft Visual Studio Solution File, Format Version 12.00
# Visual Studio Version 16
VisualStudioVersion = 16.0.28729.10
MinimumVisualStudioVersion = 10.0.40219.1
Project("{FAE04EC0-301F-11D3-BF4B-00C04F79EFBC}") = "Traffic Light", "Traffic Light\Traffic Light.csproj", "{ABAE0912-F621-4AF0-BE7F-A83ED81497FF}"
EndProject
Global
	GlobalSection(SolutionConfigurationPlatforms) = preSolution
		Debug|Any CPU = Debug|Any CPU
		Release|Any CPU = Release|Any CPU
	EndGlobalSection
	GlobalSection(ProjectConfigurationPlatforms) = postSolution
		{ABAE0912-F621-4AF0-BE7F-A83ED81497FF}.Debug|Any CPU.ActiveCfg = Debug|Any CPU
		{ABAE0912-F621-4AF0-BE7F-A83ED81497FF}.Debug|Any CPU.Build.0 = Debug|Any CPU
		{ABAE0912-F621-4AF0-BE7F-A83ED81497FF}.Release|Any CPU.ActiveCfg = Release|Any CPU
		{ABAE0912-F621-4AF0-BE7F-A83ED81497FF}.Release|Any CPU.Build.0 = Release|Any CPU
	EndGlobalSection
	GlobalSection(SolutionProperties) = preSolution
		HideSolutionNode = FALSE
	EndGlobalSection
	GlobalSection(ExtensibilityGlobals) = postSolution
		SolutionGuid = {BB162F13-B213-4DF0-B3A8-2F436479E137}
	EndGlobalSection
EndGlobal
